
Microsoft Visual Studio Solution File, Format Version 12.00
# Visual Studio 15
VisualStudioVersion = 15.0.28307.852
MinimumVisualStudioVersion = 10.0.40219.1
Project("{FAE04EC0-301F-11D3-BF4B-00C04F79EFBC}") = "Pacman", "Pacman\Pacman.csproj", "{0A010DC7-1062-4B11-B4FB-7572E941C9AB}"
EndProject
Global
	GlobalSection(SolutionConfigurationPlatforms) = preSolution
		Debug|Any CPU = Debug|Any CPU
		Release|Any CPU = Release|Any CPU
	EndGlobalSection
	GlobalSection(ProjectConfigurationPlatforms) = postSolution
		{0A010DC7-1062-4B11-B4FB-7572E941C9AB}.Debug|Any CPU.ActiveCfg = Debug|Any CPU
		{0A010DC7-1062-4B11-B4FB-7572E941C9AB}.Debug|Any CPU.Build.0 = Debug|Any CPU
		{0A010DC7-1062-4B11-B4FB-7572E941C9AB}.Release|Any CPU.ActiveCfg = Release|Any CPU
		{0A010DC7-1062-4B11-B4FB-7572E941C9AB}.Release|Any CPU.Build.0 = Release|Any CPU
	EndGlobalSection
	GlobalSection(SolutionProperties) = preSolution
		HideSolutionNode = FALSE
	EndGlobalSection
	GlobalSection(ExtensibilityGlobals) = postSolution
		SolutionGuid = {8B756C3F-564F-4418-8799-1FE3B65E24E5}
	EndGlobalSection
EndGlobal
